// !$*UTF8*$!
{
	archiveVersion = 1;
	classes = {
	};
	objectVersion = 46;
	objects = {

/* Begin PBXBuildFile section */
		C59A596F1F460BC0006F1FA7 /* AppDelegate.swift in Sources */ = {isa = PBXBuildFile; fileRef = C59A596E1F460BC0006F1FA7 /* AppDelegate.swift */; };
		C59A59711F460BC0006F1FA7 /* ViewController.swift in Sources */ = {isa = PBXBuildFile; fileRef = C59A59701F460BC0006F1FA7 /* ViewController.swift */; };
		C59A59741F460BC0006F1FA7 /* Main.storyboard in Resources */ = {isa = PBXBuildFile; fileRef = C59A59721F460BC0006F1FA7 /* Main.storyboard */; };
		C59A59761F460BC0006F1FA7 /* Assets.xcassets in Resources */ = {isa = PBXBuildFile; fileRef = C59A59751F460BC0006F1FA7 /* Assets.xcassets */; };
		C59A59791F460BC0006F1FA7 /* LaunchScreen.storyboard in Resources */ = {isa = PBXBuildFile; fileRef = C59A59771F460BC0006F1FA7 /* LaunchScreen.storyboard */; };
/* End PBXBuildFile section */

/* Begin PBXFileReference section */
		C59A596B1F460BC0006F1FA7 /* I Am Rich App.app */ = {isa = PBXFileReference; explicitFileType = wrapper.application; includeInIndex = 0; path = "I Am Rich App.app"; sourceTree = BUILT_PRODUCTS_DIR; };
		C59A596E1F460BC0006F1FA7 /* AppDelegate.swift */ = {isa = PBXFileReference; lastKnownFileType = sourcecode.swift; path = AppDelegate.swift; sourceTree = "<group>"; };
		C59A59701F460BC0006F1FA7 /* ViewController.swift */ = {isa = PBXFileReference; lastKnownFileType = sourcecode.swift; path = ViewController.swift; sourceTree = "<group>"; };
		C59A59731F460BC0006F1FA7 /* Base */ = {isa = PBXFileReference; lastKnownFileType = file.storyboard; name = Base; path = Base.lproj/Main.storyboard; sourceTree = "<group>"; };
		C59A59751F460BC0006F1FA7 /* Assets.xcassets */ = {isa = PBXFileReference; lastKnownFileType = folder.assetcatalog; path = Assets.xcassets; sourceTree = "<group>"; };
		C59A59781F460BC0006F1FA7 /* Base */ = {isa = PBXFileReference; lastKnownFileType = file.storyboard; name = Base; path = Base.lproj/LaunchScreen.storyboard; sourceTree = "<group>"; };
		C59A597A1F460BC0006F1FA7 /* Info.plist */ = {isa = PBXFileReference; lastKnownFileType = text.plist.xml; path = Info.plist; sourceTree = "<group>"; };
/* End PBXFileReference section */

/* Begin PBXFrameworksBuildPhase section */
		C59A59681F460BC0006F1FA7 /* Frameworks */ = {
			isa = PBXFrameworksBuildPhase;
			buildActionMask = 2147483647;
			files = (
			);
			runOnlyForDeploymentPostprocessing = 0;
		};
/* End PBXFrameworksBuildPhase section */

/* Begin PBXGroup section */
		C59A59621F460BBF006F1FA7 = {
			isa = PBXGroup;
			children = (
				C59A596D1F460BC0006F1FA7 /* I Am Rich App */,
				C59A596C1F460BC0006F1FA7 /* Products */,
			);
			sourceTree = "<group>";
		};
		C59A596C1F460BC0006F1FA7 /* Products */ = {
			isa = PBXGroup;
			children = (
				C59A596B1F460BC0006F1FA7 /* I Am Rich App.app */,
			);
			name = Products;
			sourceTree = "<group>";
		};
		C59A596D1F460BC0006F1FA7 /* I Am Rich App */ = {
			isa = PBXGroup;
			children = (
				C59A596E1F460BC0006F1FA7 /* AppDelegate.swift */,
				C59A59701F460BC0006F1FA7 /* ViewController.swift */,
				C59A59721F460BC0006F1FA7 /* Main.storyboard */,
				C59A59751F460BC0006F1FA7 /* Assets.xcassets */,
				C59A59771F460BC0006F1FA7 /* LaunchScreen.storyboard */,
				C59A597A1F460BC0006F1FA7 /* Info.plist */,
			);
			path = "I Am Rich App";
			sourceTree = "<group>";
		};
/* End PBXGroup section */

/* Begin PBXNativeTarget section */
		C59A596A1F460BC0006F1FA7 /* I Am Rich App */ = {
			isa = PBXNativeTarget;
			buildConfigurationList = C59A597D1F460BC0006F1FA7 /* Build configuration list for PBXNativeTarget "I Am Rich App" */;
			buildPhases = (
				C59A59671F460BC0006F1FA7 /* Sources */,
				C59A59681F460BC0006F1FA7 /* Frameworks */,
				C59A59691F460BC0006F1FA7 /* Resources */,
			);
			buildRules = (
			);
			dependencies = (
			);
			name = "I Am Rich App";
			productName = "I Am Rich App";
			productReference = C59A596B1F460BC0006F1FA7 /* I Am Rich App.app */;
			productType = "com.apple.product-type.application";
		};
/* End PBXNativeTarget section */

/* Begin PBXProject section */
		C59A59631F460BBF006F1FA7 /* Project object */ = {
			isa = PBXProject;
			attributes = {
				LastSwiftUpdateCheck = 0830;
				LastUpgradeCheck = 0830;
				ORGANIZATIONNAME = "Justin Hernandez";
				TargetAttributes = {
					C59A596A1F460BC0006F1FA7 = {
						CreatedOnToolsVersion = 8.3;
						DevelopmentTeam = G473R5BZES;
						ProvisioningStyle = Automatic;
					};
				};
			};
			buildConfigurationList = C59A59661F460BBF006F1FA7 /* Build configuration list for PBXProject "I Am Rich App" */;
			compatibilityVersion = "Xcode 3.2";
			developmentRegion = English;
			hasScannedForEncodings = 0;
			knownRegions = (
				en,
				Base,
			);
			mainGroup = C59A59621F460BBF006F1FA7;
			productRefGroup = C59A596C1F460BC0006F1FA7 /* Products */;
			projectDirPath = "";
			projectRoot = "";
			targets = (
				C59A596A1F460BC0006F1FA7 /* I Am Rich App */,
			);
		};
/* End PBXProject section */

/* Begin PBXResourcesBuildPhase section */
		C59A59691F460BC0006F1FA7 /* Resources */ = {
			isa = PBXResourcesBuildPhase;
			buildActionMask = 2147483647;
			files = (
				C59A59791F460BC0006F1FA7 /* LaunchScreen.storyboard in Resources */,
				C59A59761F460BC0006F1FA7 /* Assets.xcassets in Resources */,
				C59A59741F460BC0006F1FA7 /* Main.storyboard in Resources */,
			);
			runOnlyForDeploymentPostprocessing = 0;
		};
/* End PBXResourcesBuildPhase section */

/* Begin PBXSourcesBuildPhase section */
		C59A59671F460BC0006F1FA7 /* Sources */ = {
			isa = PBXSourcesBuildPhase;
			buildActionMask = 2147483647;
			files = (
				C59A59711F460BC0006F1FA7 /* ViewController.swift in Sources */,
				C59A596F1F460BC0006F1FA7 /* AppDelegate.swift in Sources */,
			);
			runOnlyForDeploymentPostprocessing = 0;
		};
/* End PBXSourcesBuildPhase section */

/* Begin PBXVariantGroup section */
		C59A59721F460BC0006F1FA7 /* Main.storyboard */ = {
			isa = PBXVariantGroup;
			children = (
				C59A59731F460BC0006F1FA7 /* Base */,
			);
			name = Main.storyboard;
			sourceTree = "<group>";
		};
		C59A59771F460BC0006F1FA7 /* LaunchScreen.storyboard */ = {
			isa = PBXVariantGroup;
			children = (
				C59A59781F460BC0006F1FA7 /* Base */,
			);
			name = LaunchScreen.storyboard;
			sourceTree = "<group>";
		};
/* End PBXVariantGroup section */

/* Begin XCBuildConfiguration section */
		C59A597B1F460BC0006F1FA7 /* Debug */ = {
			isa = XCBuildConfiguration;
			buildSettings = {
				ALWAYS_SEARCH_USER_PATHS = NO;
				CLANG_ANALYZER_NONNULL = YES;
				CLANG_ANALYZER_NUMBER_OBJECT_CONVERSION = YES_AGGRESSIVE;
				CLANG_CXX_LANGUAGE_STANDARD = "gnu++0x";
				CLANG_CXX_LIBRARY = "libc++";
				CLANG_ENABLE_MODULES = YES;
				CLANG_ENABLE_OBJC_ARC = YES;
				CLANG_WARN_BOOL_CONVERSION = YES;
				CLANG_WARN_CONSTANT_CONVERSION = YES;
				CLANG_WARN_DIRECT_OBJC_ISA_USAGE = YES_ERROR;
				CLANG_WARN_DOCUMENTATION_COMMENTS = YES;
				CLANG_WARN_EMPTY_BODY = YES;
				CLANG_WARN_ENUM_CONVERSION = YES;
				CLANG_WARN_INFINITE_RECURSION = YES;
				CLANG_WARN_INT_CONVERSION = YES;
				CLANG_WARN_OBJC_ROOT_CLASS = YES_ERROR;
				CLANG_WARN_SUSPICIOUS_MOVE = YES;
				CLANG_WARN_UNREACHABLE_CODE = YES;
				CLANG_WARN__DUPLICATE_METHOD_MATCH = YES;
				"CODE_SIGN_IDENTITY[sdk=iphoneos*]" = "iPhone Developer";
				COPY_PHASE_STRIP = NO;
				DEBUG_INFORMATION_FORMAT = dwarf;
				ENABLE_STRICT_OBJC_MSGSEND = YES;
				ENABLE_TESTABILITY = YES;
				GCC_C_LANGUAGE_STANDARD = gnu99;
				GCC_DYNAMIC_NO_PIC = NO;
				GCC_NO_COMMON_BLOCKS = YES;
				GCC_OPTIMIZATION_LEVEL = 0;
				GCC_PREPROCESSOR_DEFINITIONS = (
					"DEBUG=1",
					"$(inherited)",
				);
				GCC_WARN_64_TO_32_BIT_CONVERSION = YES;
				GCC_WARN_ABOUT_RETURN_TYPE = YES_ERROR;
				GCC_WARN_UNDECLARED_SELECTOR = YES;
				GCC_WARN_UNINITIALIZED_AUTOS = YES_AGGRESSIVE;
				GCC_WARN_UNUSED_FUNCTION = YES;
				GCC_WARN_UNUSED_VARIABLE = YES;
				IPHONEOS_DEPLOYMENT_TARGET = 10.3;
				MTL_ENABLE_DEBUG_INFO = YES;
				ONLY_ACTIVE_ARCH = YES;
				SDKROOT = iphoneos;
				SWIFT_ACTIVE_COMPILATION_CONDITIONS = DEBUG;
				SWIFT_OPTIMIZATION_LEVEL = "-Onone";
				TARGETED_DEVICE_FAMILY = "1,2";
			};
			name = Debug;
		};
		C59A597C1F460BC0006F1FA7 /* Release */ = {
			isa = XCBuildConfiguration;
			buildSettings = {
				ALWAYS_SEARCH_USER_PATHS = NO;
				CLANG_ANALYZER_NONNULL = YES;
				CLANG_ANALYZER_NUMBER_OBJECT_CONVERSION = YES_AGGRESSIVE;
				CLANG_CXX_LANGUAGE_STANDARD = "gnu++0x";
				CLANG_CXX_LIBRARY = "libc++";
				CLANG_ENABLE_MODULES = YES;
				CLANG_ENABLE_OBJC_ARC = YES;
				CLANG_WARN_BOOL_CONVERSION = YES;
				CLANG_WARN_CONSTANT_CONVERSION = YES;
				CLANG_WARN_DIRECT_OBJC_ISA_USAGE = YES_ERROR;
				CLANG_WARN_DOCUMENTATION_COMMENTS = YES;
				CLANG_WARN_EMPTY_BODY = YES;
				CLANG_WARN_ENUM_CONVERSION = YES;
				CLANG_WARN_INFINITE_RECURSION = YES;
				CLANG_WARN_INT_CONVERSION = YES;
				CLANG_WARN_OBJC_ROOT_CLASS = YES_ERROR;
				CLANG_WARN_SUSPICIOUS_MOVE = YES;
				CLANG_WARN_UNREACHABLE_CODE = YES;
				CLANG_WARN__DUPLICATE_METHOD_MATCH = YES;
				"CODE_SIGN_IDENTITY[sdk=iphoneos*]" = "iPhone Developer";
				COPY_PHASE_STRIP = NO;
				DEBUG_INFORMATION_FORMAT = "dwarf-with-dsym";
				ENABLE_NS_ASSERTIONS = NO;
				ENABLE_STRICT_OBJC_MSGSEND = YES;
				GCC_C_LANGUAGE_STANDARD = gnu99;
				GCC_NO_COMMON_BLOCKS = YES;
				GCC_WARN_64_TO_32_BIT_CONVERSION = YES;
				GCC_WARN_ABOUT_RETURN_TYPE = YES_ERROR;
				GCC_WARN_UNDECLARED_SELECTOR = YES;
				GCC_WARN_UNINITIALIZED_AUTOS = YES_AGGRESSIVE;
				GCC_WARN_UNUSED_FUNCTION = YES;
				GCC_WARN_UNUSED_VARIABLE = YES;
				IPHONEOS_DEPLOYMENT_TARGET = 10.3;
				MTL_ENABLE_DEBUG_INFO = NO;
				SDKROOT = iphoneos;
				SWIFT_OPTIMIZATION_LEVEL = "-Owholemodule";
				TARGETED_DEVICE_FAMILY = "1,2";
				VALIDATE_PRODUCT = YES;
			};
			name = Release;
		};
		C59A597E1F460BC0006F1FA7 /* Debug */ = {
			isa = XCBuildConfiguration;
			buildSettings = {
				ASSETCATALOG_COMPILER_APPICON_NAME = AppIcon;
				DEVELOPMENT_TEAM = G473R5BZES;
				INFOPLIST_FILE = "I Am Rich App/Info.plist";
				LD_RUNPATH_SEARCH_PATHS = "$(inherited) @executable_path/Frameworks";
				PRODUCT_BUNDLE_IDENTIFIER = "jherr95.I-Am-Rich-App";
				PRODUCT_NAME = "$(TARGET_NAME)";
				SWIFT_VERSION = 3.0;
			};
			name = Debug;
		};
		C59A597F1F460BC0006F1FA7 /* Release */ = {
			isa = XCBuildConfiguration;
			buildSettings = {
				ASSETCATALOG_COMPILER_APPICON_NAME = AppIcon;
				DEVELOPMENT_TEAM = G473R5BZES;
				INFOPLIST_FILE = "I Am Rich App/Info.plist";
				LD_RUNPATH_SEARCH_PATHS = "$(inherited) @executable_path/Frameworks";
				PRODUCT_BUNDLE_IDENTIFIER = "jherr95.I-Am-Rich-App";
				PRODUCT_NAME = "$(TARGET_NAME)";
				SWIFT_VERSION = 3.0;
			};
			name = Release;
		};
/* End XCBuildConfiguration section */

/* Begin XCConfigurationList section */
		C59A59661F460BBF006F1FA7 /* Build configuration list for PBXProject "I Am Rich App" */ = {
			isa = XCConfigurationList;
			buildConfigurations = (
				C59A597B1F460BC0006F1FA7 /* Debug */,
				C59A597C1F460BC0006F1FA7 /* Release */,
			);
			defaultConfigurationIsVisible = 0;
			defaultConfigurationName = Release;
		};
		C59A597D1F460BC0006F1FA7 /* Build configuration list for PBXNativeTarget "I Am Rich App" */ = {
			isa = XCConfigurationList;
			buildConfigurations = (
				C59A597E1F460BC0006F1FA7 /* Debug */,
				C59A597F1F460BC0006F1FA7 /* Release */,
			);
			defaultConfigurationIsVisible = 0;
		};
/* End XCConfigurationList section */
	};
	rootObject = C59A59631F460BBF006F1FA7 /* Project object */;
}
